
Microsoft Visual Studio Solution File, Format Version 12.00
# Visual Studio Version 16
VisualStudioVersion = 16.0.32002.261
MinimumVisualStudioVersion = 10.0.40219.1
Project("{FAE04EC0-301F-11D3-BF4B-00C04F79EFBC}") = "WpfApp3", "WpfApp3\WpfApp3.csproj", "{A54E2D7F-418D-4193-9581-23FF0984A452}"
EndProject
Global
	GlobalSection(SolutionConfigurationPlatforms) = preSolution
		Debug|Any CPU = Debug|Any CPU
		Release|Any CPU = Release|Any CPU
	EndGlobalSection
	GlobalSection(ProjectConfigurationPlatforms) = postSolution
		{A54E2D7F-418D-4193-9581-23FF0984A452}.Debug|Any CPU.ActiveCfg = Debug|Any CPU
		{A54E2D7F-418D-4193-9581-23FF0984A452}.Debug|Any CPU.Build.0 = Debug|Any CPU
		{A54E2D7F-418D-4193-9581-23FF0984A452}.Release|Any CPU.ActiveCfg = Release|Any CPU
		{A54E2D7F-418D-4193-9581-23FF0984A452}.Release|Any CPU.Build.0 = Release|Any CPU
	EndGlobalSection
	GlobalSection(SolutionProperties) = preSolution
		HideSolutionNode = FALSE
	EndGlobalSection
	GlobalSection(ExtensibilityGlobals) = postSolution
		SolutionGuid = {34CD5FF4-4108-4316-87FC-83310A219D09}
	EndGlobalSection
EndGlobal
