
Microsoft Visual Studio Solution File, Format Version 12.00
# Visual Studio Version 16
VisualStudioVersion = 16.0.32002.261
MinimumVisualStudioVersion = 10.0.40219.1
Project("{FAE04EC0-301F-11D3-BF4B-00C04F79EFBC}") = "WpfApp1", "WpfApp1\WpfApp1.csproj", "{F88BC94B-6CED-4222-8794-8A50A764945F}"
EndProject
Global
	GlobalSection(SolutionConfigurationPlatforms) = preSolution
		Debug|Any CPU = Debug|Any CPU
		Release|Any CPU = Release|Any CPU
	EndGlobalSection
	GlobalSection(ProjectConfigurationPlatforms) = postSolution
		{F88BC94B-6CED-4222-8794-8A50A764945F}.Debug|Any CPU.ActiveCfg = Debug|Any CPU
		{F88BC94B-6CED-4222-8794-8A50A764945F}.Debug|Any CPU.Build.0 = Debug|Any CPU
		{F88BC94B-6CED-4222-8794-8A50A764945F}.Release|Any CPU.ActiveCfg = Release|Any CPU
		{F88BC94B-6CED-4222-8794-8A50A764945F}.Release|Any CPU.Build.0 = Release|Any CPU
	EndGlobalSection
	GlobalSection(SolutionProperties) = preSolution
		HideSolutionNode = FALSE
	EndGlobalSection
	GlobalSection(ExtensibilityGlobals) = postSolution
		SolutionGuid = {B39FF580-24B4-4586-82A9-9E070E1CB8D9}
	EndGlobalSection
EndGlobal
